
Microsoft Visual Studio Solution File, Format Version 12.00
# Visual Studio Version 17
VisualStudioVersion = 17.4.33103.184
MinimumVisualStudioVersion = 10.0.40219.1
Project("{9A19103F-16F7-4668-BE54-9A1E7A4F7556}") = "Data", "Data\Data.csproj", "{6E05E1D3-E501-4B79-BA7C-ADEFEA10E9CB}"
EndProject
Project("{9A19103F-16F7-4668-BE54-9A1E7A4F7556}") = "Presentation", "Presentation\Presentation.csproj", "{2D375987-90DD-45D0-8797-72E9FF128D51}"
EndProject
Project("{2150E333-8FDC-42A3-9474-1A3956D46DE8}") = "4.0 - Infrastructure", "4.0 - Infrastructure", "{09E92B37-CB5F-4C0E-96BB-875603A5A7F0}"
EndProject
Project("{2150E333-8FDC-42A3-9474-1A3956D46DE8}") = "1.0 - Presentation", "1.0 - Presentation", "{A41D546A-FEA7-45FB-BBAC-C95D38082C63}"
EndProject
Project("{9A19103F-16F7-4668-BE54-9A1E7A4F7556}") = "Repositories", "Repository\Repositories.csproj", "{6E770F8D-7ED5-45D5-9689-DDB469D6AE0A}"
EndProject
Project("{2150E333-8FDC-42A3-9474-1A3956D46DE8}") = "3.0 - Domains", "3.0 - Domains", "{B1B7FC26-9462-4468-91B3-98E5741C3748}"
EndProject
Project("{2150E333-8FDC-42A3-9474-1A3956D46DE8}") = "2.0 - Applications", "2.0 - Applications", "{5B7B8E70-FDC0-4534-B3C8-2C52F75531FD}"
EndProject
Project("{2150E333-8FDC-42A3-9474-1A3956D46DE8}") = "5.0 - Test", "5.0 - Test", "{841E4676-F613-4E73-9909-2C5C38FE0DA1}"
EndProject
Project("{9A19103F-16F7-4668-BE54-9A1E7A4F7556}") = "Applications", "Application\Applications.csproj", "{57BF44CB-DD38-4F10-B0C9-42C7EDE87E21}"
EndProject
Project("{9A19103F-16F7-4668-BE54-9A1E7A4F7556}") = "Applications.DTO", "Application.DTO\Applications.DTO.csproj", "{25B2D94D-40CD-4CD7-9F07-278B2643EB63}"
EndProject
Project("{9A19103F-16F7-4668-BE54-9A1E7A4F7556}") = "Cores", "Core\Cores.csproj", "{752C3DA1-478E-4030-BD00-79CCBDEB9E55}"
EndProject
Project("{9A19103F-16F7-4668-BE54-9A1E7A4F7556}") = "Domains", "Domain\Domains.csproj", "{F3F70473-C88E-4A65-B018-82995ED62D39}"
EndProject
Project("{9A19103F-16F7-4668-BE54-9A1E7A4F7556}") = "Services", "Service\Services.csproj", "{9BE31179-29DE-4814-9EDD-23B3D65B617B}"
EndProject
Project("{2150E333-8FDC-42A3-9474-1A3956D46DE8}") = "4.1 - Data", "4.1 - Data", "{4E41E29A-EB15-4C4A-BCFC-972B74130303}"
EndProject
Project("{2150E333-8FDC-42A3-9474-1A3956D46DE8}") = "4.2 - CrossCutting", "4.2 - CrossCutting", "{72F4697F-154C-4DBD-B638-9AE4872C1012}"
EndProject
Project("{9A19103F-16F7-4668-BE54-9A1E7A4F7556}") = "Adapteres", "Adapter\Adapteres.csproj", "{2906B813-FE2A-48ED-B6A8-7148B0B3E384}"
EndProject
Project("{9A19103F-16F7-4668-BE54-9A1E7A4F7556}") = "IoC", "IoC\IoC.csproj", "{D4BFA485-D831-474A-A003-8AA1C7C10C2C}"
EndProject
Project("{FAE04EC0-301F-11D3-BF4B-00C04F79EFBC}") = "EFCodeFirstDDD.Tests", "EFCodeFirstDDD.Tests\EFCodeFirstDDD.Tests.csproj", "{691AB3BA-E8A1-4715-AE2D-A6FF296F6714}"
EndProject
Global
	GlobalSection(SolutionConfigurationPlatforms) = preSolution
		Debug|Any CPU = Debug|Any CPU
		Release|Any CPU = Release|Any CPU
	EndGlobalSection
	GlobalSection(ProjectConfigurationPlatforms) = postSolution
		{6E05E1D3-E501-4B79-BA7C-ADEFEA10E9CB}.Debug|Any CPU.ActiveCfg = Debug|Any CPU
		{6E05E1D3-E501-4B79-BA7C-ADEFEA10E9CB}.Debug|Any CPU.Build.0 = Debug|Any CPU
		{6E05E1D3-E501-4B79-BA7C-ADEFEA10E9CB}.Release|Any CPU.ActiveCfg = Release|Any CPU
		{6E05E1D3-E501-4B79-BA7C-ADEFEA10E9CB}.Release|Any CPU.Build.0 = Release|Any CPU
		{2D375987-90DD-45D0-8797-72E9FF128D51}.Debug|Any CPU.ActiveCfg = Debug|Any CPU
		{2D375987-90DD-45D0-8797-72E9FF128D51}.Debug|Any CPU.Build.0 = Debug|Any CPU
		{2D375987-90DD-45D0-8797-72E9FF128D51}.Release|Any CPU.ActiveCfg = Release|Any CPU
		{2D375987-90DD-45D0-8797-72E9FF128D51}.Release|Any CPU.Build.0 = Release|Any CPU
		{6E770F8D-7ED5-45D5-9689-DDB469D6AE0A}.Debug|Any CPU.ActiveCfg = Debug|Any CPU
		{6E770F8D-7ED5-45D5-9689-DDB469D6AE0A}.Debug|Any CPU.Build.0 = Debug|Any CPU
		{6E770F8D-7ED5-45D5-9689-DDB469D6AE0A}.Release|Any CPU.ActiveCfg = Release|Any CPU
		{6E770F8D-7ED5-45D5-9689-DDB469D6AE0A}.Release|Any CPU.Build.0 = Release|Any CPU
		{57BF44CB-DD38-4F10-B0C9-42C7EDE87E21}.Debug|Any CPU.ActiveCfg = Debug|Any CPU
		{57BF44CB-DD38-4F10-B0C9-42C7EDE87E21}.Debug|Any CPU.Build.0 = Debug|Any CPU
		{57BF44CB-DD38-4F10-B0C9-42C7EDE87E21}.Release|Any CPU.ActiveCfg = Release|Any CPU
		{57BF44CB-DD38-4F10-B0C9-42C7EDE87E21}.Release|Any CPU.Build.0 = Release|Any CPU
		{25B2D94D-40CD-4CD7-9F07-278B2643EB63}.Debug|Any CPU.ActiveCfg = Debug|Any CPU
		{25B2D94D-40CD-4CD7-9F07-278B2643EB63}.Debug|Any CPU.Build.0 = Debug|Any CPU
		{25B2D94D-40CD-4CD7-9F07-278B2643EB63}.Release|Any CPU.ActiveCfg = Release|Any CPU
		{25B2D94D-40CD-4CD7-9F07-278B2643EB63}.Release|Any CPU.Build.0 = Release|Any CPU
		{752C3DA1-478E-4030-BD00-79CCBDEB9E55}.Debug|Any CPU.ActiveCfg = Debug|Any CPU
		{752C3DA1-478E-4030-BD00-79CCBDEB9E55}.Debug|Any CPU.Build.0 = Debug|Any CPU
		{752C3DA1-478E-4030-BD00-79CCBDEB9E55}.Release|Any CPU.ActiveCfg = Release|Any CPU
		{752C3DA1-478E-4030-BD00-79CCBDEB9E55}.Release|Any CPU.Build.0 = Release|Any CPU
		{F3F70473-C88E-4A65-B018-82995ED62D39}.Debug|Any CPU.ActiveCfg = Debug|Any CPU
		{F3F70473-C88E-4A65-B018-82995ED62D39}.Debug|Any CPU.Build.0 = Debug|Any CPU
		{F3F70473-C88E-4A65-B018-82995ED62D39}.Release|Any CPU.ActiveCfg = Release|Any CPU
		{F3F70473-C88E-4A65-B018-82995ED62D39}.Release|Any CPU.Build.0 = Release|Any CPU
		{9BE31179-29DE-4814-9EDD-23B3D65B617B}.Debug|Any CPU.ActiveCfg = Debug|Any CPU
		{9BE31179-29DE-4814-9EDD-23B3D65B617B}.Debug|Any CPU.Build.0 = Debug|Any CPU
		{9BE31179-29DE-4814-9EDD-23B3D65B617B}.Release|Any CPU.ActiveCfg = Release|Any CPU
		{9BE31179-29DE-4814-9EDD-23B3D65B617B}.Release|Any CPU.Build.0 = Release|Any CPU
		{2906B813-FE2A-48ED-B6A8-7148B0B3E384}.Debug|Any CPU.ActiveCfg = Debug|Any CPU
		{2906B813-FE2A-48ED-B6A8-7148B0B3E384}.Debug|Any CPU.Build.0 = Debug|Any CPU
		{2906B813-FE2A-48ED-B6A8-7148B0B3E384}.Release|Any CPU.ActiveCfg = Release|Any CPU
		{2906B813-FE2A-48ED-B6A8-7148B0B3E384}.Release|Any CPU.Build.0 = Release|Any CPU
		{D4BFA485-D831-474A-A003-8AA1C7C10C2C}.Debug|Any CPU.ActiveCfg = Debug|Any CPU
		{D4BFA485-D831-474A-A003-8AA1C7C10C2C}.Debug|Any CPU.Build.0 = Debug|Any CPU
		{D4BFA485-D831-474A-A003-8AA1C7C10C2C}.Release|Any CPU.ActiveCfg = Release|Any CPU
		{D4BFA485-D831-474A-A003-8AA1C7C10C2C}.Release|Any CPU.Build.0 = Release|Any CPU
		{691AB3BA-E8A1-4715-AE2D-A6FF296F6714}.Debug|Any CPU.ActiveCfg = Debug|Any CPU
		{691AB3BA-E8A1-4715-AE2D-A6FF296F6714}.Debug|Any CPU.Build.0 = Debug|Any CPU
		{691AB3BA-E8A1-4715-AE2D-A6FF296F6714}.Release|Any CPU.ActiveCfg = Release|Any CPU
		{691AB3BA-E8A1-4715-AE2D-A6FF296F6714}.Release|Any CPU.Build.0 = Release|Any CPU
	EndGlobalSection
	GlobalSection(SolutionProperties) = preSolution
		HideSolutionNode = FALSE
	EndGlobalSection
	GlobalSection(NestedProjects) = preSolution
		{6E05E1D3-E501-4B79-BA7C-ADEFEA10E9CB} = {4E41E29A-EB15-4C4A-BCFC-972B74130303}
		{2D375987-90DD-45D0-8797-72E9FF128D51} = {A41D546A-FEA7-45FB-BBAC-C95D38082C63}
		{6E770F8D-7ED5-45D5-9689-DDB469D6AE0A} = {4E41E29A-EB15-4C4A-BCFC-972B74130303}
		{57BF44CB-DD38-4F10-B0C9-42C7EDE87E21} = {5B7B8E70-FDC0-4534-B3C8-2C52F75531FD}
		{25B2D94D-40CD-4CD7-9F07-278B2643EB63} = {5B7B8E70-FDC0-4534-B3C8-2C52F75531FD}
		{752C3DA1-478E-4030-BD00-79CCBDEB9E55} = {B1B7FC26-9462-4468-91B3-98E5741C3748}
		{F3F70473-C88E-4A65-B018-82995ED62D39} = {B1B7FC26-9462-4468-91B3-98E5741C3748}
		{9BE31179-29DE-4814-9EDD-23B3D65B617B} = {B1B7FC26-9462-4468-91B3-98E5741C3748}
		{4E41E29A-EB15-4C4A-BCFC-972B74130303} = {09E92B37-CB5F-4C0E-96BB-875603A5A7F0}
		{72F4697F-154C-4DBD-B638-9AE4872C1012} = {09E92B37-CB5F-4C0E-96BB-875603A5A7F0}
		{2906B813-FE2A-48ED-B6A8-7148B0B3E384} = {72F4697F-154C-4DBD-B638-9AE4872C1012}
		{D4BFA485-D831-474A-A003-8AA1C7C10C2C} = {72F4697F-154C-4DBD-B638-9AE4872C1012}
		{691AB3BA-E8A1-4715-AE2D-A6FF296F6714} = {841E4676-F613-4E73-9909-2C5C38FE0DA1}
	EndGlobalSection
	GlobalSection(ExtensibilityGlobals) = postSolution
		SolutionGuid = {2C8FB5A3-D291-4903-9D35-FF6C3A8EF828}
	EndGlobalSection
EndGlobal
